
Microsoft Visual Studio Solution File, Format Version 11.00
# Visual Studio 2010
Project("{FAE04EC0-301F-11D3-BF4B-00C04F79EFBC}") = "Assembly-CSharp", "Assembly-CSharp.csproj", "{2B3E712A-C1F4-7DC0-B4AA-7DAE3FC8F5EB}"
EndProject
Project("{FAE04EC0-301F-11D3-BF4B-00C04F79EFBC}") = "Assembly-CSharp-Editor", "Assembly-CSharp-Editor.csproj", "{8020C43D-D4C9-6F33-BB5A-DBBC77F69E49}"
EndProject
Global
	GlobalSection(SolutionConfigurationPlatforms) = preSolution
		Debug|Any CPU = Debug|Any CPU
		Release|Any CPU = Release|Any CPU
	EndGlobalSection
	GlobalSection(ProjectConfigurationPlatforms) = postSolution
		{2B3E712A-C1F4-7DC0-B4AA-7DAE3FC8F5EB}.Debug|Any CPU.ActiveCfg = Debug|Any CPU
		{2B3E712A-C1F4-7DC0-B4AA-7DAE3FC8F5EB}.Debug|Any CPU.Build.0 = Debug|Any CPU
		{2B3E712A-C1F4-7DC0-B4AA-7DAE3FC8F5EB}.Release|Any CPU.ActiveCfg = Release|Any CPU
		{2B3E712A-C1F4-7DC0-B4AA-7DAE3FC8F5EB}.Release|Any CPU.Build.0 = Release|Any CPU
		{8020C43D-D4C9-6F33-BB5A-DBBC77F69E49}.Debug|Any CPU.ActiveCfg = Debug|Any CPU
		{8020C43D-D4C9-6F33-BB5A-DBBC77F69E49}.Debug|Any CPU.Build.0 = Debug|Any CPU
		{8020C43D-D4C9-6F33-BB5A-DBBC77F69E49}.Release|Any CPU.ActiveCfg = Release|Any CPU
		{8020C43D-D4C9-6F33-BB5A-DBBC77F69E49}.Release|Any CPU.Build.0 = Release|Any CPU
	EndGlobalSection
	GlobalSection(SolutionProperties) = preSolution
		HideSolutionNode = FALSE
	EndGlobalSection
EndGlobal
